# THIS IS AN AUTOGENERATED FILE. DO NOT EDIT THIS FILE DIRECTLY.
# yarn lockfile v1


svelte-awesome@^2.3.0:
  version "2.3.0"
  resolved "https://registry.yarnpkg.com/svelte-awesome/-/svelte-awesome-2.3.0.tgz#03735c1ba1940e931c41271a5ebf72e2ae9e292c"
  integrity sha512-xXU3XYJmr5PK9e3pCpW6feU/tNpAhERWDrgDxkC0DU6LNum02zzc00I17bmUWTSRdKLf+IFbA5hWvCm1V8g+/A==
  dependencies:
    svelte "^3.15.0"

svelte@^3.15.0:
  version "3.20.1"
  resolved "https://registry.yarnpkg.com/svelte/-/svelte-3.20.1.tgz#8417fcd883a2f534b642a0737368272e651cf3ac"
  integrity sha512-m/dw52BZf+p6KYnyKLErIcGalu4pwJrQbUM7VZriRw6ZlJj1qMAZsLcIWzEB3I0hhdJwkKb7LrrvUIeqmbO92Q==
